
Microsoft Visual Studio Solution File, Format Version 12.00
# Visual Studio Version 17
VisualStudioVersion = 17.14.36414.22 d17.14
MinimumVisualStudioVersion = 10.0.40219.1
Project("{FAE04EC0-301F-11D3-BF4B-00C04F79EFBC}") = "Lifes", "Lifes\Lifes.csproj", "{CFDBF193-D300-4906-9BFC-F03907AC4316}"
EndProject
Global
	GlobalSection(SolutionConfigurationPlatforms) = preSolution
		Debug|Any CPU = Debug|Any CPU
		Release|Any CPU = Release|Any CPU
	EndGlobalSection
	GlobalSection(ProjectConfigurationPlatforms) = postSolution
		{CFDBF193-D300-4906-9BFC-F03907AC4316}.Debug|Any CPU.ActiveCfg = Debug|Any CPU
		{CFDBF193-D300-4906-9BFC-F03907AC4316}.Debug|Any CPU.Build.0 = Debug|Any CPU
		{CFDBF193-D300-4906-9BFC-F03907AC4316}.Release|Any CPU.ActiveCfg = Release|Any CPU
		{CFDBF193-D300-4906-9BFC-F03907AC4316}.Release|Any CPU.Build.0 = Release|Any CPU
	EndGlobalSection
	GlobalSection(SolutionProperties) = preSolution
		HideSolutionNode = FALSE
	EndGlobalSection
	GlobalSection(ExtensibilityGlobals) = postSolution
		SolutionGuid = {08650BA6-AA73-4991-9421-3C931435F9CF}
	EndGlobalSection
EndGlobal
